
Microsoft Visual Studio Solution File, Format Version 12.00
# Visual Studio Version 16
VisualStudioVersion = 16.0.30611.23
MinimumVisualStudioVersion = 10.0.40219.1
Project("{FAE04EC0-301F-11D3-BF4B-00C04F79EFBC}") = "Project2", "Project Two\Project2.csproj", "{43C542D4-C4E2-4CFF-9A21-D557678B48D9}"
EndProject
Global
	GlobalSection(SolutionConfigurationPlatforms) = preSolution
		Debug|Any CPU = Debug|Any CPU
		Release|Any CPU = Release|Any CPU
	EndGlobalSection
	GlobalSection(ProjectConfigurationPlatforms) = postSolution
		{43C542D4-C4E2-4CFF-9A21-D557678B48D9}.Debug|Any CPU.ActiveCfg = Debug|Any CPU
		{43C542D4-C4E2-4CFF-9A21-D557678B48D9}.Debug|Any CPU.Build.0 = Debug|Any CPU
		{43C542D4-C4E2-4CFF-9A21-D557678B48D9}.Release|Any CPU.ActiveCfg = Release|Any CPU
		{43C542D4-C4E2-4CFF-9A21-D557678B48D9}.Release|Any CPU.Build.0 = Release|Any CPU
	EndGlobalSection
	GlobalSection(SolutionProperties) = preSolution
		HideSolutionNode = FALSE
	EndGlobalSection
	GlobalSection(ExtensibilityGlobals) = postSolution
		SolutionGuid = {FE121CD1-8F8B-49B7-B473-5AC651B8E24B}
	EndGlobalSection
EndGlobal
